{
  "name": "dootstrapper",
  "version": "0.1.8-alpha.0",
  "lockfileVersion": 1,
  "requires": true,
  "dependencies": {
    "@aws-cdk/assets": {
      "version": "1.23.0",
      "resolved": "https://registry.npmjs.org/@aws-cdk/assets/-/assets-1.23.0.tgz",
      "integrity": "sha512-0u+AWYnc34sVr5TE69o5PDcFHrVqq3X14QcR0mOYom/hoquILV+5V/ESm7IoLO+FodWnzUgA1qMvW9GX8cwDAA==",
      "requires": {
        "@aws-cdk/core": "1.23.0",
        "@aws-cdk/cx-api": "1.23.0",
        "minimatch": "^3.0.4"
      },
      "dependencies": {
        "balanced-match": {
          "version": "1.0.0",
          "bundled": true
        },
        "brace-expansion": {
          "version": "1.1.11",
          "bundled": true,
          "requires": {
            "balanced-match": "^1.0.0",
            "concat-map": "0.0.1"
          }
        },
        "concat-map": {
          "version": "0.0.1",
          "bundled": true
        },
        "minimatch": {
          "version": "3.0.4",
          "bundled": true,
          "requires": {
            "brace-expansion": "^1.1.7"
          }
        }
      }
    },
    "@aws-cdk/aws-apigateway": {
      "version": "1.23.0",
      "resolved": "https://registry.npmjs.org/@aws-cdk/aws-apigateway/-/aws-apigateway-1.23.0.tgz",
      "integrity": "sha512-s0WxB4JIlLRGZbE6Wqbxf2hd7y/sckxMz9fmFmP9Fi1DM5O6iTF9mS7P7ek+R5PWN4Kr3jztihVCbwkaL7L22g==",
      "requires": {
        "@aws-cdk/aws-certificatemanager": "1.23.0",
        "@aws-cdk/aws-elasticloadbalancingv2": "1.23.0",
        "@aws-cdk/aws-iam": "1.23.0",
        "@aws-cdk/aws-lambda": "1.23.0",
        "@aws-cdk/core": "1.23.0"
      }
    },
    "@aws-cdk/aws-applicationautoscaling": {
      "version": "1.23.0",
      "resolved": "https://registry.npmjs.org/@aws-cdk/aws-applicationautoscaling/-/aws-applicationautoscaling-1.23.0.tgz",
      "integrity": "sha512-Z94siXGd6xR/gwCFCuLrQMk7lMUu56fs9W+fYIGLAFWDOKTvXahXpe0G8tQ74MzJFnj2jwAIYMK0SGFkgZU8+w==",
      "requires": {
        "@aws-cdk/aws-autoscaling-common": "1.23.0",
        "@aws-cdk/aws-cloudwatch": "1.23.0",
        "@aws-cdk/aws-iam": "1.23.0",
        "@aws-cdk/core": "1.23.0"
      }
    },
    "@aws-cdk/aws-autoscaling": {
      "version": "1.23.0",
      "resolved": "https://registry.npmjs.org/@aws-cdk/aws-autoscaling/-/aws-autoscaling-1.23.0.tgz",
      "integrity": "sha512-2Gm2DWi6WJC1cULogju7ljcvS1hxaCN0Fwx4Kd1W6H1c6mnlqqm5ArxT/8yDRI4iFrrYtrGBIGJinvvk4ypaVQ==",
      "requires": {
        "@aws-cdk/aws-autoscaling-common": "1.23.0",
        "@aws-cdk/aws-cloudwatch": "1.23.0",
        "@aws-cdk/aws-ec2": "1.23.0",
        "@aws-cdk/aws-elasticloadbalancing": "1.23.0",
        "@aws-cdk/aws-elasticloadbalancingv2": "1.23.0",
        "@aws-cdk/aws-iam": "1.23.0",
        "@aws-cdk/aws-sns": "1.23.0",
        "@aws-cdk/core": "1.23.0"
      }
    },
    "@aws-cdk/aws-autoscaling-common": {
      "version": "1.23.0",
      "resolved": "https://registry.npmjs.org/@aws-cdk/aws-autoscaling-common/-/aws-autoscaling-common-1.23.0.tgz",
      "integrity": "sha512-ieeFKui3MFg6aOdg0BsoaTTwRSp8l+4aet+UCwczeBMTLvxRg3G7BBuhNWlN0q7yXuhQbRo3TsASpWvIxrUz5w==",
      "requires": {
        "@aws-cdk/aws-iam": "1.23.0",
        "@aws-cdk/core": "1.23.0"
      }
    },
    "@aws-cdk/aws-autoscaling-hooktargets": {
      "version": "1.23.0",
      "resolved": "https://registry.npmjs.org/@aws-cdk/aws-autoscaling-hooktargets/-/aws-autoscaling-hooktargets-1.23.0.tgz",
      "integrity": "sha512-8aMDNwxUqJFVXzfV7mcrOcz7VAizsfVCbsRNyUm/3glEa3HoJWnRxLcTP7u3sEFSzpzW5o9IHBLWglYu8bK1Ow==",
      "requires": {
        "@aws-cdk/aws-autoscaling": "1.23.0",
        "@aws-cdk/aws-iam": "1.23.0",
        "@aws-cdk/aws-lambda": "1.23.0",
        "@aws-cdk/aws-sns": "1.23.0",
        "@aws-cdk/aws-sns-subscriptions": "1.23.0",
        "@aws-cdk/aws-sqs": "1.23.0",
        "@aws-cdk/core": "1.23.0"
      }
    },
    "@aws-cdk/aws-certificatemanager": {
      "version": "1.23.0",
      "resolved": "https://registry.npmjs.org/@aws-cdk/aws-certificatemanager/-/aws-certificatemanager-1.23.0.tgz",
      "integrity": "sha512-AB7DkEiIZL610GX6I6LMOVucudabYPP5iKIdcTOGiEdyGKEiBzgYieIXIoCmf+UBOHIUVAkB+1/kEfdU4YSrOg==",
      "requires": {
        "@aws-cdk/aws-cloudformation": "1.23.0",
        "@aws-cdk/aws-iam": "1.23.0",
        "@aws-cdk/aws-lambda": "1.23.0",
        "@aws-cdk/aws-route53": "1.23.0",
        "@aws-cdk/core": "1.23.0"
      }
    },
    "@aws-cdk/aws-cloudformation": {
      "version": "1.23.0",
      "resolved": "https://registry.npmjs.org/@aws-cdk/aws-cloudformation/-/aws-cloudformation-1.23.0.tgz",
      "integrity": "sha512-aXtUmtmGzK3x1aU7rl6EnM5oIEYjFv3GWrNdy2hdtFeJnGZyLK6dQ0wljaNVNWdAL8mivnOh27+kh3tkzm90Hw==",
      "requires": {
        "@aws-cdk/aws-iam": "1.23.0",
        "@aws-cdk/aws-lambda": "1.23.0",
        "@aws-cdk/aws-s3": "1.23.0",
        "@aws-cdk/aws-sns": "1.23.0",
        "@aws-cdk/core": "1.23.0",
        "@aws-cdk/cx-api": "1.23.0"
      }
    },
    "@aws-cdk/aws-cloudfront": {
      "version": "1.23.0",
      "resolved": "https://registry.npmjs.org/@aws-cdk/aws-cloudfront/-/aws-cloudfront-1.23.0.tgz",
      "integrity": "sha512-8SwnpVcKHOscOYEgdXbHUGMCiCmobT/3BEa3o6T0a/quhHZ3ywusPVVMd9BewhymJ318NbxCzX85azfXiH4ATg==",
      "requires": {
        "@aws-cdk/aws-certificatemanager": "1.23.0",
        "@aws-cdk/aws-iam": "1.23.0",
        "@aws-cdk/aws-kms": "1.23.0",
        "@aws-cdk/aws-lambda": "1.23.0",
        "@aws-cdk/aws-s3": "1.23.0",
        "@aws-cdk/core": "1.23.0"
      }
    },
    "@aws-cdk/aws-cloudtrail": {
      "version": "1.23.0",
      "resolved": "https://registry.npmjs.org/@aws-cdk/aws-cloudtrail/-/aws-cloudtrail-1.23.0.tgz",
      "integrity": "sha512-21kqTyg+Gtgmp4pNLpIcyzq9Smn+C8z9WcZWu/F02qpZgmcouuioXQ6gpJkYSYfQTT/WoGswLYi5MuPAW5Aakw==",
      "requires": {
        "@aws-cdk/aws-events": "1.23.0",
        "@aws-cdk/aws-iam": "1.23.0",
        "@aws-cdk/aws-kms": "1.23.0",
        "@aws-cdk/aws-logs": "1.23.0",
        "@aws-cdk/aws-s3": "1.23.0",
        "@aws-cdk/core": "1.23.0"
      }
    },
    "@aws-cdk/aws-cloudwatch": {
      "version": "1.23.0",
      "resolved": "https://registry.npmjs.org/@aws-cdk/aws-cloudwatch/-/aws-cloudwatch-1.23.0.tgz",
      "integrity": "sha512-JZEOfwpcHFqL5X8+Lj0BW23LcNlwH8MfI+DFXb9y2374knPCJQmRw92V/0SkcxtSUhPt7przDag0tsm0Eopkjw==",
      "requires": {
        "@aws-cdk/aws-iam": "1.23.0",
        "@aws-cdk/core": "1.23.0"
      }
    },
    "@aws-cdk/aws-codebuild": {
      "version": "1.23.0",
      "resolved": "https://registry.npmjs.org/@aws-cdk/aws-codebuild/-/aws-codebuild-1.23.0.tgz",
      "integrity": "sha512-EZ3a01yVmbi8qvE1p+7YeIS17J0Lj9taYHxA0mNiwpFu8Rf4Po7cZ+pvothU7TfAvrF5J3GWLAlmG9MQAdMQ+A==",
      "requires": {
        "@aws-cdk/assets": "1.23.0",
        "@aws-cdk/aws-cloudwatch": "1.23.0",
        "@aws-cdk/aws-codecommit": "1.23.0",
        "@aws-cdk/aws-ec2": "1.23.0",
        "@aws-cdk/aws-ecr": "1.23.0",
        "@aws-cdk/aws-ecr-assets": "1.23.0",
        "@aws-cdk/aws-events": "1.23.0",
        "@aws-cdk/aws-iam": "1.23.0",
        "@aws-cdk/aws-kms": "1.23.0",
        "@aws-cdk/aws-s3": "1.23.0",
        "@aws-cdk/aws-s3-assets": "1.23.0",
        "@aws-cdk/aws-secretsmanager": "1.23.0",
        "@aws-cdk/core": "1.23.0"
      }
    },
    "@aws-cdk/aws-codecommit": {
      "version": "1.23.0",
      "resolved": "https://registry.npmjs.org/@aws-cdk/aws-codecommit/-/aws-codecommit-1.23.0.tgz",
      "integrity": "sha512-9nVcD2aEtPGBysQ69oMoPnepw9zi/d6y+cUwCpOmpCvDqtm8UmuJsRsJWZ42EXD0ZDMRoepv5Nz9m0h9oCDpwA==",
      "requires": {
        "@aws-cdk/aws-events": "1.23.0",
        "@aws-cdk/aws-iam": "1.23.0",
        "@aws-cdk/core": "1.23.0"
      }
    },
    "@aws-cdk/aws-codedeploy": {
      "version": "1.23.0",
      "resolved": "https://registry.npmjs.org/@aws-cdk/aws-codedeploy/-/aws-codedeploy-1.23.0.tgz",
      "integrity": "sha512-EtQWVtXRqp5zh/YFxggh32nWx69BtGvj45DHF3PJB8cwuU90AqiOit+tXIqcSkgzD8HWVS5b1Kw96xe018Wp3A==",
      "requires": {
        "@aws-cdk/aws-autoscaling": "1.23.0",
        "@aws-cdk/aws-cloudwatch": "1.23.0",
        "@aws-cdk/aws-ec2": "1.23.0",
        "@aws-cdk/aws-elasticloadbalancing": "1.23.0",
        "@aws-cdk/aws-elasticloadbalancingv2": "1.23.0",
        "@aws-cdk/aws-iam": "1.23.0",
        "@aws-cdk/aws-lambda": "1.23.0",
        "@aws-cdk/aws-s3": "1.23.0",
        "@aws-cdk/core": "1.23.0"
      }
    },
    "@aws-cdk/aws-codepipeline": {
      "version": "1.23.0",
      "resolved": "https://registry.npmjs.org/@aws-cdk/aws-codepipeline/-/aws-codepipeline-1.23.0.tgz",
      "integrity": "sha512-CIhdVOgwFlJTX+LJWy+gnl8zSSKdnI/53wJPrG5nqdDMpM4FO75/u7bPmZfsZt/XyNPWCk0uOZvcoI25t3Whlg==",
      "requires": {
        "@aws-cdk/aws-events": "1.23.0",
        "@aws-cdk/aws-iam": "1.23.0",
        "@aws-cdk/aws-kms": "1.23.0",
        "@aws-cdk/aws-s3": "1.23.0",
        "@aws-cdk/core": "1.23.0"
      }
    },
    "@aws-cdk/aws-codepipeline-actions": {
      "version": "1.23.0",
      "resolved": "https://registry.npmjs.org/@aws-cdk/aws-codepipeline-actions/-/aws-codepipeline-actions-1.23.0.tgz",
      "integrity": "sha512-yRetWgNv5D3dDZqkYsAonDb1bTqEs5J++PKAqPFW7lOvjGvbClzs7Dv8Wl6gVTvV8tJKtNb9I6SH7Tkx4G+Nvw==",
      "requires": {
        "@aws-cdk/aws-cloudformation": "1.23.0",
        "@aws-cdk/aws-codebuild": "1.23.0",
        "@aws-cdk/aws-codecommit": "1.23.0",
        "@aws-cdk/aws-codedeploy": "1.23.0",
        "@aws-cdk/aws-codepipeline": "1.23.0",
        "@aws-cdk/aws-ec2": "1.23.0",
        "@aws-cdk/aws-ecr": "1.23.0",
        "@aws-cdk/aws-ecs": "1.23.0",
        "@aws-cdk/aws-events": "1.23.0",
        "@aws-cdk/aws-events-targets": "1.23.0",
        "@aws-cdk/aws-iam": "1.23.0",
        "@aws-cdk/aws-lambda": "1.23.0",
        "@aws-cdk/aws-s3": "1.23.0",
        "@aws-cdk/aws-sns": "1.23.0",
        "@aws-cdk/aws-sns-subscriptions": "1.23.0",
        "@aws-cdk/core": "1.23.0",
        "case": "1.6.2"
      },
      "dependencies": {
        "case": {
          "version": "1.6.2",
          "bundled": true
        }
      }
    },
    "@aws-cdk/aws-ec2": {
      "version": "1.23.0",
      "resolved": "https://registry.npmjs.org/@aws-cdk/aws-ec2/-/aws-ec2-1.23.0.tgz",
      "integrity": "sha512-y4BHslIqFH9omrZKCa0fVw1xA3XvX2plPMnn+s68dQKLlhxFSrbHRC02SifrnBgrzl5ak0vPFlWY3AkzG0WA5Q==",
      "requires": {
        "@aws-cdk/aws-cloudwatch": "1.23.0",
        "@aws-cdk/aws-iam": "1.23.0",
        "@aws-cdk/aws-ssm": "1.23.0",
        "@aws-cdk/core": "1.23.0",
        "@aws-cdk/cx-api": "1.23.0"
      }
    },
    "@aws-cdk/aws-ecr": {
      "version": "1.23.0",
      "resolved": "https://registry.npmjs.org/@aws-cdk/aws-ecr/-/aws-ecr-1.23.0.tgz",
      "integrity": "sha512-XvxeGwmkyoq5TbTcfU6TVXnL+DzN/4h1X4gg0h9l++3plFxB3eq8w3gXzYV/PaN/uDwSTxhgXpkvYnOv9ovBzg==",
      "requires": {
        "@aws-cdk/aws-events": "1.23.0",
        "@aws-cdk/aws-iam": "1.23.0",
        "@aws-cdk/core": "1.23.0"
      }
    },
    "@aws-cdk/aws-ecr-assets": {
      "version": "1.23.0",
      "resolved": "https://registry.npmjs.org/@aws-cdk/aws-ecr-assets/-/aws-ecr-assets-1.23.0.tgz",
      "integrity": "sha512-5mrWoa8emKFLCK3oUvjKfVtibuwC5jTz1a8Dtxl6lpP8/MiFyHjODJQ+1vnvs2FARv9ulrNK3MIjZsXQiDsegQ==",
      "requires": {
        "@aws-cdk/assets": "1.23.0",
        "@aws-cdk/aws-cloudformation": "1.23.0",
        "@aws-cdk/aws-ecr": "1.23.0",
        "@aws-cdk/aws-iam": "1.23.0",
        "@aws-cdk/aws-lambda": "1.23.0",
        "@aws-cdk/aws-s3": "1.23.0",
        "@aws-cdk/core": "1.23.0",
        "@aws-cdk/cx-api": "1.23.0",
        "minimatch": "^3.0.4"
      },
      "dependencies": {
        "balanced-match": {
          "version": "1.0.0",
          "bundled": true
        },
        "brace-expansion": {
          "version": "1.1.11",
          "bundled": true,
          "requires": {
            "balanced-match": "^1.0.0",
            "concat-map": "0.0.1"
          }
        },
        "concat-map": {
          "version": "0.0.1",
          "bundled": true
        },
        "minimatch": {
          "version": "3.0.4",
          "bundled": true,
          "requires": {
            "brace-expansion": "^1.1.7"
          }
        }
      }
    },
    "@aws-cdk/aws-ecs": {
      "version": "1.23.0",
      "resolved": "https://registry.npmjs.org/@aws-cdk/aws-ecs/-/aws-ecs-1.23.0.tgz",
      "integrity": "sha512-597bqH6kfxqBXiuPqP+8c4p9gg9dZivShPCndcg9Ota2zBwAG1z/TS5t2GBWwDhAzTo2OicAWS7mYUX1YY67dQ==",
      "requires": {
        "@aws-cdk/aws-applicationautoscaling": "1.23.0",
        "@aws-cdk/aws-autoscaling": "1.23.0",
        "@aws-cdk/aws-autoscaling-hooktargets": "1.23.0",
        "@aws-cdk/aws-certificatemanager": "1.23.0",
        "@aws-cdk/aws-cloudformation": "1.23.0",
        "@aws-cdk/aws-cloudwatch": "1.23.0",
        "@aws-cdk/aws-ec2": "1.23.0",
        "@aws-cdk/aws-ecr": "1.23.0",
        "@aws-cdk/aws-ecr-assets": "1.23.0",
        "@aws-cdk/aws-elasticloadbalancing": "1.23.0",
        "@aws-cdk/aws-elasticloadbalancingv2": "1.23.0",
        "@aws-cdk/aws-iam": "1.23.0",
        "@aws-cdk/aws-lambda": "1.23.0",
        "@aws-cdk/aws-logs": "1.23.0",
        "@aws-cdk/aws-route53": "1.23.0",
        "@aws-cdk/aws-route53-targets": "1.23.0",
        "@aws-cdk/aws-secretsmanager": "1.23.0",
        "@aws-cdk/aws-servicediscovery": "1.23.0",
        "@aws-cdk/aws-sns": "1.23.0",
        "@aws-cdk/aws-sqs": "1.23.0",
        "@aws-cdk/aws-ssm": "1.23.0",
        "@aws-cdk/core": "1.23.0",
        "@aws-cdk/cx-api": "1.23.0"
      }
    },
    "@aws-cdk/aws-elasticloadbalancing": {
      "version": "1.23.0",
      "resolved": "https://registry.npmjs.org/@aws-cdk/aws-elasticloadbalancing/-/aws-elasticloadbalancing-1.23.0.tgz",
      "integrity": "sha512-bh+0dGSay1XmMDyyuB1E0Rf1J71ZNfmRamamc6U8ijt/vkyDcXr3RIIIoPnL6WE/oKJjI94TiSUUDRlFHUSzCQ==",
      "requires": {
        "@aws-cdk/aws-ec2": "1.23.0",
        "@aws-cdk/core": "1.23.0"
      }
    },
    "@aws-cdk/aws-elasticloadbalancingv2": {
      "version": "1.23.0",
      "resolved": "https://registry.npmjs.org/@aws-cdk/aws-elasticloadbalancingv2/-/aws-elasticloadbalancingv2-1.23.0.tgz",
      "integrity": "sha512-YjZR/uZbtLQnqOtor4cGFKIx6ZUI7/RWyVmgsNIi2MgjQt3inO+vjH8xcpnXKAGFWU8C3lrgLjWwztMZFjQGMw==",
      "requires": {
        "@aws-cdk/aws-certificatemanager": "1.23.0",
        "@aws-cdk/aws-cloudwatch": "1.23.0",
        "@aws-cdk/aws-ec2": "1.23.0",
        "@aws-cdk/aws-iam": "1.23.0",
        "@aws-cdk/aws-lambda": "1.23.0",
        "@aws-cdk/aws-s3": "1.23.0",
        "@aws-cdk/core": "1.23.0"
      }
    },
    "@aws-cdk/aws-events": {
      "version": "1.23.0",
      "resolved": "https://registry.npmjs.org/@aws-cdk/aws-events/-/aws-events-1.23.0.tgz",
      "integrity": "sha512-UStWoCIDPJUcjCpyenhSCGsVwNY5RtJ97/7jNayYlMTnccShIdAq76amjF58yEEQdECEyrmD7SyWDrC3RxiaqA==",
      "requires": {
        "@aws-cdk/aws-iam": "1.23.0",
        "@aws-cdk/core": "1.23.0"
      }
    },
    "@aws-cdk/aws-events-targets": {
      "version": "1.23.0",
      "resolved": "https://registry.npmjs.org/@aws-cdk/aws-events-targets/-/aws-events-targets-1.23.0.tgz",
      "integrity": "sha512-TlJfRPbUXxobOzFm+ge8EVxYSs+zWKkEnWTUwbqcRfSNQ4H6MpdNCiSpwpOTnkp08rotaXkmlRpAKz0q7meOtg==",
      "requires": {
        "@aws-cdk/aws-cloudformation": "1.23.0",
        "@aws-cdk/aws-codebuild": "1.23.0",
        "@aws-cdk/aws-codepipeline": "1.23.0",
        "@aws-cdk/aws-ec2": "1.23.0",
        "@aws-cdk/aws-ecs": "1.23.0",
        "@aws-cdk/aws-events": "1.23.0",
        "@aws-cdk/aws-iam": "1.23.0",
        "@aws-cdk/aws-lambda": "1.23.0",
        "@aws-cdk/aws-sns": "1.23.0",
        "@aws-cdk/aws-sns-subscriptions": "1.23.0",
        "@aws-cdk/aws-sqs": "1.23.0",
        "@aws-cdk/aws-stepfunctions": "1.23.0",
        "@aws-cdk/core": "1.23.0"
      }
    },
    "@aws-cdk/aws-iam": {
      "version": "1.23.0",
      "resolved": "https://registry.npmjs.org/@aws-cdk/aws-iam/-/aws-iam-1.23.0.tgz",
      "integrity": "sha512-BRaPLnZGcd8nxuIiBynLLbuqN+2KfEnQIdsC0uqjDVpTDygQB9ic1ocmf0jugsZ1W4hS1oY8EaZY9v/TX3rQgQ==",
      "requires": {
        "@aws-cdk/core": "1.23.0",
        "@aws-cdk/region-info": "1.23.0"
      }
    },
    "@aws-cdk/aws-kms": {
      "version": "1.23.0",
      "resolved": "https://registry.npmjs.org/@aws-cdk/aws-kms/-/aws-kms-1.23.0.tgz",
      "integrity": "sha512-OPNoTefBuHY1RsWZlFTYs460o+iyVeWdOfjBPhlLATAja9yIjYhRH/XEbkhrNt/G/mxwqTJ61nLPWla85b8PCQ==",
      "requires": {
        "@aws-cdk/aws-iam": "1.23.0",
        "@aws-cdk/core": "1.23.0"
      }
    },
    "@aws-cdk/aws-lambda": {
      "version": "1.23.0",
      "resolved": "https://registry.npmjs.org/@aws-cdk/aws-lambda/-/aws-lambda-1.23.0.tgz",
      "integrity": "sha512-AM8rSnESD0FYKT3oUPe05b4uCJKATh0l+gdvyi6MT6bPs6ezu6hxdjMqI7ld2Alr7FCBNhE4+xYkyXVw3MF2dA==",
      "requires": {
        "@aws-cdk/aws-cloudwatch": "1.23.0",
        "@aws-cdk/aws-ec2": "1.23.0",
        "@aws-cdk/aws-events": "1.23.0",
        "@aws-cdk/aws-iam": "1.23.0",
        "@aws-cdk/aws-logs": "1.23.0",
        "@aws-cdk/aws-s3": "1.23.0",
        "@aws-cdk/aws-s3-assets": "1.23.0",
        "@aws-cdk/aws-sqs": "1.23.0",
        "@aws-cdk/core": "1.23.0",
        "@aws-cdk/cx-api": "1.23.0"
      }
    },
    "@aws-cdk/aws-logs": {
      "version": "1.23.0",
      "resolved": "https://registry.npmjs.org/@aws-cdk/aws-logs/-/aws-logs-1.23.0.tgz",
      "integrity": "sha512-+DDt1f8D8Z1IVtGeYOE7XP7DMCA1a3vLORKUY2LXC3vObcvSAlWLOxy+ACX6jg8L4D0k2qmcJrmCEEz3Aq/06A==",
      "requires": {
        "@aws-cdk/aws-cloudwatch": "1.23.0",
        "@aws-cdk/aws-iam": "1.23.0",
        "@aws-cdk/core": "1.23.0"
      }
    },
    "@aws-cdk/aws-route53": {
      "version": "1.23.0",
      "resolved": "https://registry.npmjs.org/@aws-cdk/aws-route53/-/aws-route53-1.23.0.tgz",
      "integrity": "sha512-PQBmATG2NaBrz26XNnClfNKDJqUn0KXvsnsB1I3cnzJ/AegGrO7SXJQTNhg7Iq+KnXPrcjKCvFpP26NtAIBtBw==",
      "requires": {
        "@aws-cdk/aws-ec2": "1.23.0",
        "@aws-cdk/aws-logs": "1.23.0",
        "@aws-cdk/core": "1.23.0",
        "@aws-cdk/cx-api": "1.23.0"
      }
    },
    "@aws-cdk/aws-route53-targets": {
      "version": "1.23.0",
      "resolved": "https://registry.npmjs.org/@aws-cdk/aws-route53-targets/-/aws-route53-targets-1.23.0.tgz",
      "integrity": "sha512-6Fq/XHEZtJjYveav5RSWrd0o80bdrlCdO8BWBhUgRdHUudzZfw79Uk8rL/K8z++sYs2BzTixhj80rO8Kwfd2Bw==",
      "requires": {
        "@aws-cdk/aws-apigateway": "1.23.0",
        "@aws-cdk/aws-cloudfront": "1.23.0",
        "@aws-cdk/aws-ec2": "1.23.0",
        "@aws-cdk/aws-elasticloadbalancing": "1.23.0",
        "@aws-cdk/aws-elasticloadbalancingv2": "1.23.0",
        "@aws-cdk/aws-iam": "1.23.0",
        "@aws-cdk/aws-route53": "1.23.0",
        "@aws-cdk/aws-s3": "1.23.0",
        "@aws-cdk/core": "1.23.0",
        "@aws-cdk/region-info": "1.23.0"
      }
    },
    "@aws-cdk/aws-s3": {
      "version": "1.23.0",
      "resolved": "https://registry.npmjs.org/@aws-cdk/aws-s3/-/aws-s3-1.23.0.tgz",
      "integrity": "sha512-d720BOVDPgo1AvHTHQujK5MVRc9eX4IE4ImO/TVSDdXumjAct4FB1xSSrk8Bm2vaN/9pQnG1bU5WlZ+f3R05pw==",
      "requires": {
        "@aws-cdk/aws-events": "1.23.0",
        "@aws-cdk/aws-iam": "1.23.0",
        "@aws-cdk/aws-kms": "1.23.0",
        "@aws-cdk/core": "1.23.0"
      }
    },
    "@aws-cdk/aws-s3-assets": {
      "version": "1.23.0",
      "resolved": "https://registry.npmjs.org/@aws-cdk/aws-s3-assets/-/aws-s3-assets-1.23.0.tgz",
      "integrity": "sha512-J77S9ht5xo2zeinyi4urGKZ7c8/ol5OCiwUtrVoWb2njzYXehshXyjJTPByD9VRzfHglet4/BabkqqjJetgSnA==",
      "requires": {
        "@aws-cdk/assets": "1.23.0",
        "@aws-cdk/aws-iam": "1.23.0",
        "@aws-cdk/aws-s3": "1.23.0",
        "@aws-cdk/core": "1.23.0",
        "@aws-cdk/cx-api": "1.23.0"
      }
    },
    "@aws-cdk/aws-sam": {
      "version": "1.23.0",
      "resolved": "https://registry.npmjs.org/@aws-cdk/aws-sam/-/aws-sam-1.23.0.tgz",
      "integrity": "sha512-7uqpsxKRp4rYw+PM/itB8Jqro6XwbR4loG+W6iTFJxvYWcsNa3QVALQD8mYsjYpKQv4Fn/k/iyWJJX8xe7Xx8Q==",
      "requires": {
        "@aws-cdk/core": "1.23.0"
      }
    },
    "@aws-cdk/aws-secretsmanager": {
      "version": "1.23.0",
      "resolved": "https://registry.npmjs.org/@aws-cdk/aws-secretsmanager/-/aws-secretsmanager-1.23.0.tgz",
      "integrity": "sha512-iF4SMiDa5/Ad1yLVVmoTqqVaVGkmw639Y4eqhIvNbqX4ZOPQzbwiyxMr503zaGcNoTXl+PNMnhAOqh3o9bgWtA==",
      "requires": {
        "@aws-cdk/aws-ec2": "1.23.0",
        "@aws-cdk/aws-iam": "1.23.0",
        "@aws-cdk/aws-kms": "1.23.0",
        "@aws-cdk/aws-lambda": "1.23.0",
        "@aws-cdk/aws-sam": "1.23.0",
        "@aws-cdk/core": "1.23.0"
      }
    },
    "@aws-cdk/aws-servicediscovery": {
      "version": "1.23.0",
      "resolved": "https://registry.npmjs.org/@aws-cdk/aws-servicediscovery/-/aws-servicediscovery-1.23.0.tgz",
      "integrity": "sha512-v63ddxhmaIYSuI/sfpQbsNcHG7gRHGb5t5u8YmEjxJxKTbpWjqMCvgdDfYvcDPRjd8TSyspmZKVg04eMlZDhgg==",
      "requires": {
        "@aws-cdk/aws-ec2": "1.23.0",
        "@aws-cdk/aws-elasticloadbalancingv2": "1.23.0",
        "@aws-cdk/aws-route53": "1.23.0",
        "@aws-cdk/core": "1.23.0"
      }
    },
    "@aws-cdk/aws-sns": {
      "version": "1.23.0",
      "resolved": "https://registry.npmjs.org/@aws-cdk/aws-sns/-/aws-sns-1.23.0.tgz",
      "integrity": "sha512-ukBu+Y+ouew0Fbs//Zyne+9U315EAgb38Uz3yoW7HB0ZcLgUthRFJYVhitss7K6zRByQvDwb7vAQZsRlgLofUw==",
      "requires": {
        "@aws-cdk/aws-cloudwatch": "1.23.0",
        "@aws-cdk/aws-events": "1.23.0",
        "@aws-cdk/aws-iam": "1.23.0",
        "@aws-cdk/aws-kms": "1.23.0",
        "@aws-cdk/core": "1.23.0"
      }
    },
    "@aws-cdk/aws-sns-subscriptions": {
      "version": "1.23.0",
      "resolved": "https://registry.npmjs.org/@aws-cdk/aws-sns-subscriptions/-/aws-sns-subscriptions-1.23.0.tgz",
      "integrity": "sha512-Std3C3cBzZWS3RSR4JCgBALbpm4SuRI6Y1NxKOJyYJCNEteOAdMvBeOqRsRzmU9pDjnm2ILlSjhUfqD7Z86//Q==",
      "requires": {
        "@aws-cdk/aws-iam": "1.23.0",
        "@aws-cdk/aws-lambda": "1.23.0",
        "@aws-cdk/aws-sns": "1.23.0",
        "@aws-cdk/aws-sqs": "1.23.0",
        "@aws-cdk/core": "1.23.0"
      }
    },
    "@aws-cdk/aws-sqs": {
      "version": "1.23.0",
      "resolved": "https://registry.npmjs.org/@aws-cdk/aws-sqs/-/aws-sqs-1.23.0.tgz",
      "integrity": "sha512-dRAQDS5HlebLYXIZVgB3/uAPkIxXa75TiOP1mYa8eunNV632LE4vRhalHurAnxzSV73ab1mwcpZhf3U9AZjsXg==",
      "requires": {
        "@aws-cdk/aws-cloudwatch": "1.23.0",
        "@aws-cdk/aws-iam": "1.23.0",
        "@aws-cdk/aws-kms": "1.23.0",
        "@aws-cdk/core": "1.23.0"
      }
    },
    "@aws-cdk/aws-ssm": {
      "version": "1.23.0",
      "resolved": "https://registry.npmjs.org/@aws-cdk/aws-ssm/-/aws-ssm-1.23.0.tgz",
      "integrity": "sha512-HnoYrlXxOJvcY676KtOZp7tWFuf2dL6VyxUFwAactF2Eq1h+qTihey5ZMAofl/OD2FM7mEFHsJAqHWyv5WOfqg==",
      "requires": {
        "@aws-cdk/aws-iam": "1.23.0",
        "@aws-cdk/aws-kms": "1.23.0",
        "@aws-cdk/core": "1.23.0",
        "@aws-cdk/cx-api": "1.23.0"
      }
    },
    "@aws-cdk/aws-stepfunctions": {
      "version": "1.23.0",
      "resolved": "https://registry.npmjs.org/@aws-cdk/aws-stepfunctions/-/aws-stepfunctions-1.23.0.tgz",
      "integrity": "sha512-gDNbsWmwtbnmJJSI6voJazduvhjlgpug/Ujn5zA6oQUv+AwQe9j0RQyW9D+WSxyIwkE/CThEBStMVK/BlHV5nA==",
      "requires": {
        "@aws-cdk/aws-cloudwatch": "1.23.0",
        "@aws-cdk/aws-events": "1.23.0",
        "@aws-cdk/aws-iam": "1.23.0",
        "@aws-cdk/core": "1.23.0"
      }
    },
    "@aws-cdk/core": {
      "version": "1.23.0",
      "resolved": "https://registry.npmjs.org/@aws-cdk/core/-/core-1.23.0.tgz",
      "integrity": "sha512-Fip5/A6uYM3EsZKZknElTO0KM5M/6k1P0ZZgzda7MGmHXegw6MoHzM/zsAMIvpUAIdJlpko+1HgqtcOShRyKYg==",
      "requires": {
        "@aws-cdk/cx-api": "1.23.0"
      }
    },
    "@aws-cdk/cx-api": {
      "version": "1.23.0",
      "resolved": "https://registry.npmjs.org/@aws-cdk/cx-api/-/cx-api-1.23.0.tgz",
      "integrity": "sha512-xvGxAvBRgNgMhHwpSZ6XKL7p8mllGksglbJ2tp/ZVXpcUMqmKcOU0jvt/tto8VZShS24nO8nkAQmoL/PFlc44w==",
      "requires": {
        "semver": "^7.1.2"
      },
      "dependencies": {
        "semver": {
          "version": "7.1.2",
          "bundled": true
        }
      }
    },
    "@aws-cdk/region-info": {
      "version": "1.23.0",
      "resolved": "https://registry.npmjs.org/@aws-cdk/region-info/-/region-info-1.23.0.tgz",
      "integrity": "sha512-oJbvjsBHySi6p5c4kW3tjTEgb9eV7zfOW27wIKToRD57e3plbbjJluq3HVumyBxEEdSid4EWM1dnN0bQW2213Q=="
    },
    "camel-case": {
      "version": "4.1.1",
      "resolved": "https://registry.npmjs.org/camel-case/-/camel-case-4.1.1.tgz",
      "integrity": "sha512-7fa2WcG4fYFkclIvEmxBbTvmibwF2/agfEBc6q3lOpVu0A13ltLsA+Hr/8Hp6kp5f+G7hKi6t8lys6XxP+1K6Q==",
      "requires": {
        "pascal-case": "^3.1.1",
        "tslib": "^1.10.0"
      }
    },
    "capital-case": {
      "version": "1.0.3",
      "resolved": "https://registry.npmjs.org/capital-case/-/capital-case-1.0.3.tgz",
      "integrity": "sha512-OlUSJpUr7SY0uZFOxcwnDOU7/MpHlKTZx2mqnDYQFrDudXLFm0JJ9wr/l4csB+rh2Ug0OPuoSO53PqiZBqno9A==",
      "requires": {
        "no-case": "^3.0.3",
        "tslib": "^1.10.0",
        "upper-case-first": "^2.0.1"
      }
    },
    "change-case": {
      "version": "4.1.1",
      "resolved": "https://registry.npmjs.org/change-case/-/change-case-4.1.1.tgz",
      "integrity": "sha512-qRlUWn/hXnX1R1LBDF/RelJLiqNjKjUqlmuBVSEIyye8kq49CXqkZWKmi8XeUAdDXWFOcGLUMZ+aHn3Q5lzUXw==",
      "requires": {
        "camel-case": "^4.1.1",
        "capital-case": "^1.0.3",
        "constant-case": "^3.0.3",
        "dot-case": "^3.0.3",
        "header-case": "^2.0.3",
        "no-case": "^3.0.3",
        "param-case": "^3.0.3",
        "pascal-case": "^3.1.1",
        "path-case": "^3.0.3",
        "sentence-case": "^3.0.3",
        "snake-case": "^3.0.3",
        "tslib": "^1.10.0"
      }
    },
    "constant-case": {
      "version": "3.0.3",
      "resolved": "https://registry.npmjs.org/constant-case/-/constant-case-3.0.3.tgz",
      "integrity": "sha512-FXtsSnnrFYpzDmvwDGQW+l8XK3GV1coLyBN0eBz16ZUzGaZcT2ANVCJmLeuw2GQgxKHQIe9e0w2dzkSfaRlUmA==",
      "requires": {
        "no-case": "^3.0.3",
        "tslib": "^1.10.0",
        "upper-case": "^2.0.1"
      }
    },
    "dot-case": {
      "version": "3.0.3",
      "resolved": "https://registry.npmjs.org/dot-case/-/dot-case-3.0.3.tgz",
      "integrity": "sha512-7hwEmg6RiSQfm/GwPL4AAWXKy3YNNZA3oFv2Pdiey0mwkRCPZ9x6SZbkLcn8Ma5PYeVokzoD4Twv2n7LKp5WeA==",
      "requires": {
        "no-case": "^3.0.3",
        "tslib": "^1.10.0"
      }
    },
    "header-case": {
      "version": "2.0.3",
      "resolved": "https://registry.npmjs.org/header-case/-/header-case-2.0.3.tgz",
      "integrity": "sha512-LChe/V32mnUQnTwTxd3aAlNMk8ia9tjCDb/LjYtoMrdAPApxLB+azejUk5ERZIZdIqvinwv6BAUuFXH/tQPdZA==",
      "requires": {
        "capital-case": "^1.0.3",
        "tslib": "^1.10.0"
      }
    },
    "lower-case": {
      "version": "2.0.1",
      "resolved": "https://registry.npmjs.org/lower-case/-/lower-case-2.0.1.tgz",
      "integrity": "sha512-LiWgfDLLb1dwbFQZsSglpRj+1ctGnayXz3Uv0/WO8n558JycT5fg6zkNcnW0G68Nn0aEldTFeEfmjCfmqry/rQ==",
      "requires": {
        "tslib": "^1.10.0"
      }
    },
    "no-case": {
      "version": "3.0.3",
      "resolved": "https://registry.npmjs.org/no-case/-/no-case-3.0.3.tgz",
      "integrity": "sha512-ehY/mVQCf9BL0gKfsJBvFJen+1V//U+0HQMPrWct40ixE4jnv0bfvxDbWtAHL9EcaPEOJHVVYKoQn1TlZUB8Tw==",
      "requires": {
        "lower-case": "^2.0.1",
        "tslib": "^1.10.0"
      }
    },
    "param-case": {
      "version": "3.0.3",
      "resolved": "https://registry.npmjs.org/param-case/-/param-case-3.0.3.tgz",
      "integrity": "sha512-VWBVyimc1+QrzappRs7waeN2YmoZFCGXWASRYX1/rGHtXqEcrGEIDm+jqIwFa2fRXNgQEwrxaYuIrX0WcAguTA==",
      "requires": {
        "dot-case": "^3.0.3",
        "tslib": "^1.10.0"
      }
    },
    "pascal-case": {
      "version": "3.1.1",
      "resolved": "https://registry.npmjs.org/pascal-case/-/pascal-case-3.1.1.tgz",
      "integrity": "sha512-XIeHKqIrsquVTQL2crjq3NfJUxmdLasn3TYOU0VBM+UX2a6ztAWBlJQBePLGY7VHW8+2dRadeIPK5+KImwTxQA==",
      "requires": {
        "no-case": "^3.0.3",
        "tslib": "^1.10.0"
      }
    },
    "path-case": {
      "version": "3.0.3",
      "resolved": "https://registry.npmjs.org/path-case/-/path-case-3.0.3.tgz",
      "integrity": "sha512-UMFU6UETFpCNWbIWNczshPrnK/7JAXBP2NYw80ojElbQ2+JYxdqWDBkvvqM93u4u6oLmuJ/tPOf2tM8KtXv4eg==",
      "requires": {
        "dot-case": "^3.0.3",
        "tslib": "^1.10.0"
      }
    },
    "sentence-case": {
      "version": "3.0.3",
      "resolved": "https://registry.npmjs.org/sentence-case/-/sentence-case-3.0.3.tgz",
      "integrity": "sha512-ZPr4dgTcNkEfcGOMFQyDdJrTU9uQO1nb1cjf+nuzb6FxgMDgKddZOM29qEsB7jvsZSMruLRcL2KfM4ypKpa0LA==",
      "requires": {
        "no-case": "^3.0.3",
        "tslib": "^1.10.0",
        "upper-case-first": "^2.0.1"
      }
    },
    "snake-case": {
      "version": "3.0.3",
      "resolved": "https://registry.npmjs.org/snake-case/-/snake-case-3.0.3.tgz",
      "integrity": "sha512-WM1sIXEO+rsAHBKjGf/6R1HBBcgbncKS08d2Aqec/mrDSpU80SiOU41hO7ny6DToHSyrlwTYzQBIK1FPSx4Y3Q==",
      "requires": {
        "dot-case": "^3.0.3",
        "tslib": "^1.10.0"
      }
    },
    "tslib": {
      "version": "1.10.0",
      "resolved": "https://registry.npmjs.org/tslib/-/tslib-1.10.0.tgz",
      "integrity": "sha512-qOebF53frne81cf0S9B41ByenJ3/IuH8yJKngAX35CmiZySA0khhkovshKK+jGCaMnVomla7gVlIcc3EvKPbTQ=="
    },
    "upper-case": {
      "version": "2.0.1",
      "resolved": "https://registry.npmjs.org/upper-case/-/upper-case-2.0.1.tgz",
      "integrity": "sha512-laAsbea9SY5osxrv7S99vH9xAaJKrw5Qpdh4ENRLcaxipjKsiaBwiAsxfa8X5mObKNTQPsupSq0J/VIxsSJe3A==",
      "requires": {
        "tslib": "^1.10.0"
      }
    },
    "upper-case-first": {
      "version": "2.0.1",
      "resolved": "https://registry.npmjs.org/upper-case-first/-/upper-case-first-2.0.1.tgz",
      "integrity": "sha512-105J8XqQ+9RxW3l9gHZtgve5oaiR9TIwvmZAMAIZWRHe00T21cdvewKORTlOJf/zXW6VukuTshM+HXZNWz7N5w==",
      "requires": {
        "tslib": "^1.10.0"
      }
    }
  }
}
