{
  "name": "@nf-tools/dootstrapper",
  "version": "0.0.0-PLACEHOLDER",
  "lockfileVersion": 1,
  "requires": true,
  "dependencies": {
    "@slack/logger": {
      "version": "2.0.0",
      "resolved": "https://registry.npmjs.org/@slack/logger/-/logger-2.0.0.tgz",
      "integrity": "sha512-OkIJpiU2fz6HOJujhlhfIGrc8hB4ibqtf7nnbJQDerG0BqwZCfmgtK5sWzZ0TkXVRBKD5MpLrTmCYyMxoMCgPw==",
      "requires": {
        "@types/node": ">=8.9.0"
      }
    },
    "@slack/types": {
      "version": "1.5.0",
      "resolved": "https://registry.npmjs.org/@slack/types/-/types-1.5.0.tgz",
      "integrity": "sha512-oCYgatJYxHf9wE3tKXzOLeeTsF0ghX1TIcguNfVmO2V6NDe+cHAzZRglEOmJLdRINDS5gscAgSkeZpDhpKBeUA=="
    },
    "@slack/web-api": {
      "version": "5.8.0",
      "resolved": "https://registry.npmjs.org/@slack/web-api/-/web-api-5.8.0.tgz",
      "integrity": "sha512-lUMFM9jtdn+9Q0kHLegf5RjIgQlmb1PGWwWdTsc9mQ8PJu2BogI5ZttG8/tA6r2bX/C4bgXhd0JJ4syUR0AAhQ==",
      "requires": {
        "@slack/logger": ">=1.0.0 <3.0.0",
        "@slack/types": "^1.2.1",
        "@types/is-stream": "^1.1.0",
        "@types/node": ">=8.9.0",
        "@types/p-queue": "^2.3.2",
        "axios": "^0.19.0",
        "eventemitter3": "^3.1.0",
        "form-data": "^2.5.0",
        "is-stream": "^1.1.0",
        "p-queue": "^2.4.2",
        "p-retry": "^4.0.0"
      }
    },
    "@types/is-stream": {
      "version": "1.1.0",
      "resolved": "https://registry.npmjs.org/@types/is-stream/-/is-stream-1.1.0.tgz",
      "integrity": "sha512-jkZatu4QVbR60mpIzjINmtS1ZF4a/FqdTUTBeQDVOQ2PYyidtwFKr0B5G6ERukKwliq+7mIXvxyppwzG5EgRYg==",
      "requires": {
        "@types/node": "*"
      }
    },
    "@types/node": {
      "version": "13.13.4",
      "resolved": "https://registry.npmjs.org/@types/node/-/node-13.13.4.tgz",
      "integrity": "sha512-x26ur3dSXgv5AwKS0lNfbjpCakGIduWU1DU91Zz58ONRWrIKGunmZBNv4P7N+e27sJkiGDsw/3fT4AtsqQBrBA=="
    },
    "@types/p-queue": {
      "version": "2.3.2",
      "resolved": "https://registry.npmjs.org/@types/p-queue/-/p-queue-2.3.2.tgz",
      "integrity": "sha512-eKAv5Ql6k78dh3ULCsSBxX6bFNuGjTmof5Q/T6PiECDq0Yf8IIn46jCyp3RJvCi8owaEmm3DZH1PEImjBMd/vQ=="
    },
    "@types/retry": {
      "version": "0.12.0",
      "resolved": "https://registry.npmjs.org/@types/retry/-/retry-0.12.0.tgz",
      "integrity": "sha512-wWKOClTTiizcZhXnPY4wikVAwmdYHp8q6DmC+EJUzAMsycb7HB32Kh9RN4+0gExjmPmZSAQjgURXIGATPegAvA=="
    },
    "asynckit": {
      "version": "0.4.0",
      "resolved": "https://registry.npmjs.org/asynckit/-/asynckit-0.4.0.tgz",
      "integrity": "sha1-x57Zf380y48robyXkLzDZkdLS3k="
    },
    "axios": {
      "version": "0.19.2",
      "resolved": "https://registry.npmjs.org/axios/-/axios-0.19.2.tgz",
      "integrity": "sha512-fjgm5MvRHLhx+osE2xoekY70AhARk3a6hkN+3Io1jc00jtquGvxYlKlsFUhmUET0V5te6CcZI7lcv2Ym61mjHA==",
      "requires": {
        "follow-redirects": "1.5.10"
      }
    },
    "camel-case": {
      "version": "4.1.1",
      "resolved": "https://registry.npmjs.org/camel-case/-/camel-case-4.1.1.tgz",
      "integrity": "sha512-7fa2WcG4fYFkclIvEmxBbTvmibwF2/agfEBc6q3lOpVu0A13ltLsA+Hr/8Hp6kp5f+G7hKi6t8lys6XxP+1K6Q==",
      "requires": {
        "pascal-case": "^3.1.1",
        "tslib": "^1.10.0"
      }
    },
    "capital-case": {
      "version": "1.0.3",
      "resolved": "https://registry.npmjs.org/capital-case/-/capital-case-1.0.3.tgz",
      "integrity": "sha512-OlUSJpUr7SY0uZFOxcwnDOU7/MpHlKTZx2mqnDYQFrDudXLFm0JJ9wr/l4csB+rh2Ug0OPuoSO53PqiZBqno9A==",
      "requires": {
        "no-case": "^3.0.3",
        "tslib": "^1.10.0",
        "upper-case-first": "^2.0.1"
      }
    },
    "change-case": {
      "version": "4.1.1",
      "resolved": "https://registry.npmjs.org/change-case/-/change-case-4.1.1.tgz",
      "integrity": "sha512-qRlUWn/hXnX1R1LBDF/RelJLiqNjKjUqlmuBVSEIyye8kq49CXqkZWKmi8XeUAdDXWFOcGLUMZ+aHn3Q5lzUXw==",
      "requires": {
        "camel-case": "^4.1.1",
        "capital-case": "^1.0.3",
        "constant-case": "^3.0.3",
        "dot-case": "^3.0.3",
        "header-case": "^2.0.3",
        "no-case": "^3.0.3",
        "param-case": "^3.0.3",
        "pascal-case": "^3.1.1",
        "path-case": "^3.0.3",
        "sentence-case": "^3.0.3",
        "snake-case": "^3.0.3",
        "tslib": "^1.10.0"
      }
    },
    "combined-stream": {
      "version": "1.0.8",
      "resolved": "https://registry.npmjs.org/combined-stream/-/combined-stream-1.0.8.tgz",
      "integrity": "sha512-FQN4MRfuJeHf7cBbBMJFXhKSDq+2kAArBlmRBvcvFE5BB1HZKXtSFASDhdlz9zOYwxh8lDdnvmMOe/+5cdoEdg==",
      "requires": {
        "delayed-stream": "~1.0.0"
      }
    },
    "constant-case": {
      "version": "3.0.3",
      "resolved": "https://registry.npmjs.org/constant-case/-/constant-case-3.0.3.tgz",
      "integrity": "sha512-FXtsSnnrFYpzDmvwDGQW+l8XK3GV1coLyBN0eBz16ZUzGaZcT2ANVCJmLeuw2GQgxKHQIe9e0w2dzkSfaRlUmA==",
      "requires": {
        "no-case": "^3.0.3",
        "tslib": "^1.10.0",
        "upper-case": "^2.0.1"
      }
    },
    "debug": {
      "version": "3.1.0",
      "resolved": "https://registry.npmjs.org/debug/-/debug-3.1.0.tgz",
      "integrity": "sha512-OX8XqP7/1a9cqkxYw2yXss15f26NKWBpDXQd0/uK/KPqdQhxbPa994hnzjcE2VqQpDslf55723cKPUOGSmMY3g==",
      "requires": {
        "ms": "2.0.0"
      }
    },
    "delayed-stream": {
      "version": "1.0.0",
      "resolved": "https://registry.npmjs.org/delayed-stream/-/delayed-stream-1.0.0.tgz",
      "integrity": "sha1-3zrhmayt+31ECqrgsp4icrJOxhk="
    },
    "dot-case": {
      "version": "3.0.3",
      "resolved": "https://registry.npmjs.org/dot-case/-/dot-case-3.0.3.tgz",
      "integrity": "sha512-7hwEmg6RiSQfm/GwPL4AAWXKy3YNNZA3oFv2Pdiey0mwkRCPZ9x6SZbkLcn8Ma5PYeVokzoD4Twv2n7LKp5WeA==",
      "requires": {
        "no-case": "^3.0.3",
        "tslib": "^1.10.0"
      }
    },
    "eventemitter3": {
      "version": "3.1.2",
      "resolved": "https://registry.npmjs.org/eventemitter3/-/eventemitter3-3.1.2.tgz",
      "integrity": "sha512-tvtQIeLVHjDkJYnzf2dgVMxfuSGJeM/7UCG17TT4EumTfNtF+0nebF/4zWOIkCreAbtNqhGEboB6BWrwqNaw4Q=="
    },
    "follow-redirects": {
      "version": "1.5.10",
      "resolved": "https://registry.npmjs.org/follow-redirects/-/follow-redirects-1.5.10.tgz",
      "integrity": "sha512-0V5l4Cizzvqt5D44aTXbFZz+FtyXV1vrDN6qrelxtfYQKW0KO0W2T/hkE8xvGa/540LkZlkaUjO4ailYTFtHVQ==",
      "requires": {
        "debug": "=3.1.0"
      }
    },
    "form-data": {
      "version": "2.5.1",
      "resolved": "https://registry.npmjs.org/form-data/-/form-data-2.5.1.tgz",
      "integrity": "sha512-m21N3WOmEEURgk6B9GLOE4RuWOFf28Lhh9qGYeNlGq4VDXUlJy2th2slBNU8Gp8EzloYZOibZJ7t5ecIrFSjVA==",
      "requires": {
        "asynckit": "^0.4.0",
        "combined-stream": "^1.0.6",
        "mime-types": "^2.1.12"
      }
    },
    "header-case": {
      "version": "2.0.3",
      "resolved": "https://registry.npmjs.org/header-case/-/header-case-2.0.3.tgz",
      "integrity": "sha512-LChe/V32mnUQnTwTxd3aAlNMk8ia9tjCDb/LjYtoMrdAPApxLB+azejUk5ERZIZdIqvinwv6BAUuFXH/tQPdZA==",
      "requires": {
        "capital-case": "^1.0.3",
        "tslib": "^1.10.0"
      }
    },
    "is-stream": {
      "version": "1.1.0",
      "resolved": "https://registry.npmjs.org/is-stream/-/is-stream-1.1.0.tgz",
      "integrity": "sha1-EtSj3U5o4Lec6428hBc66A2RykQ="
    },
    "lower-case": {
      "version": "2.0.1",
      "resolved": "https://registry.npmjs.org/lower-case/-/lower-case-2.0.1.tgz",
      "integrity": "sha512-LiWgfDLLb1dwbFQZsSglpRj+1ctGnayXz3Uv0/WO8n558JycT5fg6zkNcnW0G68Nn0aEldTFeEfmjCfmqry/rQ==",
      "requires": {
        "tslib": "^1.10.0"
      }
    },
    "mime-db": {
      "version": "1.44.0",
      "resolved": "https://registry.npmjs.org/mime-db/-/mime-db-1.44.0.tgz",
      "integrity": "sha512-/NOTfLrsPBVeH7YtFPgsVWveuL+4SjjYxaQ1xtM1KMFj7HdxlBlxeyNLzhyJVx7r4rZGJAZ/6lkKCitSc/Nmpg=="
    },
    "mime-types": {
      "version": "2.1.27",
      "resolved": "https://registry.npmjs.org/mime-types/-/mime-types-2.1.27.tgz",
      "integrity": "sha512-JIhqnCasI9yD+SsmkquHBxTSEuZdQX5BuQnS2Vc7puQQQ+8yiP5AY5uWhpdv4YL4VM5c6iliiYWPgJ/nJQLp7w==",
      "requires": {
        "mime-db": "1.44.0"
      }
    },
    "ms": {
      "version": "2.0.0",
      "resolved": "https://registry.npmjs.org/ms/-/ms-2.0.0.tgz",
      "integrity": "sha1-VgiurfwAvmwpAd9fmGF4jeDVl8g="
    },
    "no-case": {
      "version": "3.0.3",
      "resolved": "https://registry.npmjs.org/no-case/-/no-case-3.0.3.tgz",
      "integrity": "sha512-ehY/mVQCf9BL0gKfsJBvFJen+1V//U+0HQMPrWct40ixE4jnv0bfvxDbWtAHL9EcaPEOJHVVYKoQn1TlZUB8Tw==",
      "requires": {
        "lower-case": "^2.0.1",
        "tslib": "^1.10.0"
      }
    },
    "p-queue": {
      "version": "2.4.2",
      "resolved": "https://registry.npmjs.org/p-queue/-/p-queue-2.4.2.tgz",
      "integrity": "sha512-n8/y+yDJwBjoLQe1GSJbbaYQLTI7QHNZI2+rpmCDbe++WLf9HC3gf6iqj5yfPAV71W4UF3ql5W1+UBPXoXTxng=="
    },
    "p-retry": {
      "version": "4.2.0",
      "resolved": "https://registry.npmjs.org/p-retry/-/p-retry-4.2.0.tgz",
      "integrity": "sha512-jPH38/MRh263KKcq0wBNOGFJbm+U6784RilTmHjB/HM9kH9V8WlCpVUcdOmip9cjXOh6MxZ5yk1z2SjDUJfWmA==",
      "requires": {
        "@types/retry": "^0.12.0",
        "retry": "^0.12.0"
      }
    },
    "param-case": {
      "version": "3.0.3",
      "resolved": "https://registry.npmjs.org/param-case/-/param-case-3.0.3.tgz",
      "integrity": "sha512-VWBVyimc1+QrzappRs7waeN2YmoZFCGXWASRYX1/rGHtXqEcrGEIDm+jqIwFa2fRXNgQEwrxaYuIrX0WcAguTA==",
      "requires": {
        "dot-case": "^3.0.3",
        "tslib": "^1.10.0"
      }
    },
    "pascal-case": {
      "version": "3.1.1",
      "resolved": "https://registry.npmjs.org/pascal-case/-/pascal-case-3.1.1.tgz",
      "integrity": "sha512-XIeHKqIrsquVTQL2crjq3NfJUxmdLasn3TYOU0VBM+UX2a6ztAWBlJQBePLGY7VHW8+2dRadeIPK5+KImwTxQA==",
      "requires": {
        "no-case": "^3.0.3",
        "tslib": "^1.10.0"
      }
    },
    "path-case": {
      "version": "3.0.3",
      "resolved": "https://registry.npmjs.org/path-case/-/path-case-3.0.3.tgz",
      "integrity": "sha512-UMFU6UETFpCNWbIWNczshPrnK/7JAXBP2NYw80ojElbQ2+JYxdqWDBkvvqM93u4u6oLmuJ/tPOf2tM8KtXv4eg==",
      "requires": {
        "dot-case": "^3.0.3",
        "tslib": "^1.10.0"
      }
    },
    "retry": {
      "version": "0.12.0",
      "resolved": "https://registry.npmjs.org/retry/-/retry-0.12.0.tgz",
      "integrity": "sha1-G0KmJmoh8HQh0bC1S33BZ7AcATs="
    },
    "sentence-case": {
      "version": "3.0.3",
      "resolved": "https://registry.npmjs.org/sentence-case/-/sentence-case-3.0.3.tgz",
      "integrity": "sha512-ZPr4dgTcNkEfcGOMFQyDdJrTU9uQO1nb1cjf+nuzb6FxgMDgKddZOM29qEsB7jvsZSMruLRcL2KfM4ypKpa0LA==",
      "requires": {
        "no-case": "^3.0.3",
        "tslib": "^1.10.0",
        "upper-case-first": "^2.0.1"
      }
    },
    "snake-case": {
      "version": "3.0.3",
      "resolved": "https://registry.npmjs.org/snake-case/-/snake-case-3.0.3.tgz",
      "integrity": "sha512-WM1sIXEO+rsAHBKjGf/6R1HBBcgbncKS08d2Aqec/mrDSpU80SiOU41hO7ny6DToHSyrlwTYzQBIK1FPSx4Y3Q==",
      "requires": {
        "dot-case": "^3.0.3",
        "tslib": "^1.10.0"
      }
    },
    "tslib": {
      "version": "1.11.1",
      "resolved": "https://registry.npmjs.org/tslib/-/tslib-1.11.1.tgz",
      "integrity": "sha512-aZW88SY8kQbU7gpV19lN24LtXh/yD4ZZg6qieAJDDg+YBsJcSmLGK9QpnUjAKVG/xefmvJGd1WUmfpT/g6AJGA=="
    },
    "upper-case": {
      "version": "2.0.1",
      "resolved": "https://registry.npmjs.org/upper-case/-/upper-case-2.0.1.tgz",
      "integrity": "sha512-laAsbea9SY5osxrv7S99vH9xAaJKrw5Qpdh4ENRLcaxipjKsiaBwiAsxfa8X5mObKNTQPsupSq0J/VIxsSJe3A==",
      "requires": {
        "tslib": "^1.10.0"
      }
    },
    "upper-case-first": {
      "version": "2.0.1",
      "resolved": "https://registry.npmjs.org/upper-case-first/-/upper-case-first-2.0.1.tgz",
      "integrity": "sha512-105J8XqQ+9RxW3l9gHZtgve5oaiR9TIwvmZAMAIZWRHe00T21cdvewKORTlOJf/zXW6VukuTshM+HXZNWz7N5w==",
      "requires": {
        "tslib": "^1.10.0"
      }
    }
  }
}
